# MSXPi v1.6 CPLD firmware - v1.1 and v1.2.1b boards (PCB V1.1 Rev.1 and V1.2.1b, AT28C256 EEPROM, pin map B)
# Build: /WAIT, build ID $14.  pin 28 = WAIT_n, must reach slot pin 7 (/WAIT).
# Pin map taken from the fitted pin report of the original release for this board,
# BUSDIR_n is pinned explicitly (the v1.1 original left it to the fitter).

set_global_assignment -name FAMILY MAX3000A
set_global_assignment -name DEVICE "EPM3064ALC44-10"
set_global_assignment -name TOP_LEVEL_ENTITY MSXPi
set_global_assignment -name ORIGINAL_QUARTUS_VERSION "13.0 SP1"
set_global_assignment -name PROJECT_CREATION_TIME_DATE "02:06:52  OCTOBER 15, 2020"
set_global_assignment -name LAST_QUARTUS_VERSION "13.0 SP1"
set_global_assignment -name USE_GENERATED_PHYSICAL_CONSTRAINTS OFF -section_id eda_palace
set_global_assignment -name MAX7000_OPTIMIZATION_TECHNIQUE AREA
set_global_assignment -name OPTIMIZE_HOLD_TIMING OFF
set_global_assignment -name FITTER_EFFORT "STANDARD FIT"
set_global_assignment -name AUTO_PARALLEL_EXPANDERS OFF
set_global_assignment -name SYNTH_TIMING_DRIVEN_SYNTHESIS OFF
set_global_assignment -name OPTIMIZE_MULTI_CORNER_TIMING OFF
set_global_assignment -name STATE_MACHINE_PROCESSING "MINIMAL BITS"
set_global_assignment -name SAFE_STATE_MACHINE ON
set_global_assignment -name LIMIT_AHDL_INTEGERS_TO_32_BITS ON
set_global_assignment -name ALM_REGISTER_PACKING_EFFORT HIGH
set_global_assignment -name MAX_LABS 20
set_global_assignment -name DEVICE_FILTER_PACKAGE PLCC
set_global_assignment -name MAX7000_DEVICE_IO_STANDARD "3.3-V LVTTL"
set_global_assignment -name FORCE_FITTER_TO_AVOID_PERIPHERY_PLACEMENT_WARNINGS OFF
set_global_assignment -name OPTIMIZE_IOC_REGISTER_PLACEMENT_FOR_TIMING NORMAL
set_global_assignment -name ECO_REGENERATE_REPORT ON
set_global_assignment -name EDA_SIMULATION_TOOL "ModelSim-Altera (VHDL)"
set_global_assignment -name EDA_TIME_SCALE "1 ps" -section_id eda_simulation
set_global_assignment -name EDA_OUTPUT_DATA_FORMAT VHDL -section_id eda_simulation
set_global_assignment -name TIMEQUEST_MULTICORNER_ANALYSIS OFF
set_global_assignment -name FLOW_ENABLE_IO_ASSIGNMENT_ANALYSIS OFF
set_global_assignment -name SMART_RECOMPILE ON
set_global_assignment -name VHDL_FILE ../MSXPi.vhd
set_global_assignment -name VHDL_FILE MSXPi_package_wait.vhd

set_location_assignment PIN_20 -to D[0]
set_location_assignment PIN_37 -to D[1]
set_location_assignment PIN_19 -to D[2]
set_location_assignment PIN_39 -to D[3]
set_location_assignment PIN_18 -to D[4]
set_location_assignment PIN_41 -to D[5]
set_location_assignment PIN_11 -to D[6]
set_location_assignment PIN_29 -to D[7]
set_location_assignment PIN_14 -to A[0]
set_location_assignment PIN_34 -to A[1]
set_location_assignment PIN_21 -to A[2]
set_location_assignment PIN_25 -to A[3]
set_location_assignment PIN_16 -to A[4]
set_location_assignment PIN_33 -to A[5]
set_location_assignment PIN_24 -to A[6]
set_location_assignment PIN_12 -to A[7]
set_location_assignment PIN_26 -to RD_n
set_location_assignment PIN_5 -to WR_n
set_location_assignment PIN_27 -to IORQ_n
set_location_assignment PIN_9 -to SPI_CS
set_location_assignment PIN_4 -to SPI_MISO
set_location_assignment PIN_6 -to SPI_MOSI
set_location_assignment PIN_8 -to SPI_SCLK
set_location_assignment PIN_40 -to SPI_RDY
set_location_assignment PIN_31 -to BUSDIR_n
set_location_assignment PIN_28 -to WAIT_n
